
Microsoft Visual Studio Solution File, Format Version 12.00
# Visual Studio Version 18
VisualStudioVersion = 18.6.11822.322
MinimumVisualStudioVersion = 10.0.40219.1
Project("{FAE04EC0-301F-11D3-BF4B-00C04F79EFBC}") = "BuilderProAPI", "BuilderProAPI.csproj", "{22A29FB2-44DB-D5A1-723F-BE24F55B3B2E}"
EndProject
Project("{FAE04EC0-301F-11D3-BF4B-00C04F79EFBC}") = "BuilderProAPI.Tests", "..\BuilderProAPI.Tests\BuilderProAPI.Tests.csproj", "{D5F4F7D8-07C2-45A4-BDA4-029A5348B989}"
EndProject
Global
	GlobalSection(SolutionConfigurationPlatforms) = preSolution
		Debug|Any CPU = Debug|Any CPU
		Debug|x64 = Debug|x64
		Debug|x86 = Debug|x86
		Release|Any CPU = Release|Any CPU
		Release|x64 = Release|x64
		Release|x86 = Release|x86
	EndGlobalSection
	GlobalSection(ProjectConfigurationPlatforms) = postSolution
		{22A29FB2-44DB-D5A1-723F-BE24F55B3B2E}.Debug|Any CPU.ActiveCfg = Debug|Any CPU
		{22A29FB2-44DB-D5A1-723F-BE24F55B3B2E}.Debug|Any CPU.Build.0 = Debug|Any CPU
		{22A29FB2-44DB-D5A1-723F-BE24F55B3B2E}.Debug|x64.ActiveCfg = Debug|Any CPU
		{22A29FB2-44DB-D5A1-723F-BE24F55B3B2E}.Debug|x64.Build.0 = Debug|Any CPU
		{22A29FB2-44DB-D5A1-723F-BE24F55B3B2E}.Debug|x86.ActiveCfg = Debug|Any CPU
		{22A29FB2-44DB-D5A1-723F-BE24F55B3B2E}.Debug|x86.Build.0 = Debug|Any CPU
		{22A29FB2-44DB-D5A1-723F-BE24F55B3B2E}.Release|Any CPU.ActiveCfg = Release|Any CPU
		{22A29FB2-44DB-D5A1-723F-BE24F55B3B2E}.Release|Any CPU.Build.0 = Release|Any CPU
		{22A29FB2-44DB-D5A1-723F-BE24F55B3B2E}.Release|x64.ActiveCfg = Release|Any CPU
		{22A29FB2-44DB-D5A1-723F-BE24F55B3B2E}.Release|x64.Build.0 = Release|Any CPU
		{22A29FB2-44DB-D5A1-723F-BE24F55B3B2E}.Release|x86.ActiveCfg = Release|Any CPU
		{22A29FB2-44DB-D5A1-723F-BE24F55B3B2E}.Release|x86.Build.0 = Release|Any CPU
		{D5F4F7D8-07C2-45A4-BDA4-029A5348B989}.Debug|Any CPU.ActiveCfg = Debug|Any CPU
		{D5F4F7D8-07C2-45A4-BDA4-029A5348B989}.Debug|Any CPU.Build.0 = Debug|Any CPU
		{D5F4F7D8-07C2-45A4-BDA4-029A5348B989}.Debug|x64.ActiveCfg = Debug|Any CPU
		{D5F4F7D8-07C2-45A4-BDA4-029A5348B989}.Debug|x64.Build.0 = Debug|Any CPU
		{D5F4F7D8-07C2-45A4-BDA4-029A5348B989}.Debug|x86.ActiveCfg = Debug|Any CPU
		{D5F4F7D8-07C2-45A4-BDA4-029A5348B989}.Debug|x86.Build.0 = Debug|Any CPU
		{D5F4F7D8-07C2-45A4-BDA4-029A5348B989}.Release|Any CPU.ActiveCfg = Release|Any CPU
		{D5F4F7D8-07C2-45A4-BDA4-029A5348B989}.Release|Any CPU.Build.0 = Release|Any CPU
		{D5F4F7D8-07C2-45A4-BDA4-029A5348B989}.Release|x64.ActiveCfg = Release|Any CPU
		{D5F4F7D8-07C2-45A4-BDA4-029A5348B989}.Release|x64.Build.0 = Release|Any CPU
		{D5F4F7D8-07C2-45A4-BDA4-029A5348B989}.Release|x86.ActiveCfg = Release|Any CPU
		{D5F4F7D8-07C2-45A4-BDA4-029A5348B989}.Release|x86.Build.0 = Release|Any CPU
	EndGlobalSection
	GlobalSection(SolutionProperties) = preSolution
		HideSolutionNode = FALSE
	EndGlobalSection
	GlobalSection(ExtensibilityGlobals) = postSolution
		SolutionGuid = {F1902265-0054-491B-9C95-3E2F82185E42}
	EndGlobalSection
EndGlobal
